
Microsoft Visual Studio Solution File, Format Version 12.00
Project("{F2A71F9B-5D33-465A-A702-920D77279786}") = "Lab6", "Lab6.fsproj", "{B4E35A93-3DF8-48C5-9AA8-B37CDB8C5209}"
EndProject
Project("{F2A71F9B-5D33-465A-A702-920D77279786}") = "Task1", "Task1\Task1.fsproj", "{B4119FFD-A8A5-4FCD-A3DF-60AC0806F7AE}"
EndProject
Project("{F2A71F9B-5D33-465A-A702-920D77279786}") = "Task2", "Task2\Task2.fsproj", "{D59AECDE-9E3E-4DEE-AE15-C82B25B473F7}"
EndProject
Project("{F2A71F9B-5D33-465A-A702-920D77279786}") = "Task3", "Task3\Task3.fsproj", "{BCA4D773-A451-4123-AC71-F156D1F41DC5}"
EndProject
Project("{F2A71F9B-5D33-465A-A702-920D77279786}") = "Task4", "Task4\Task4.fsproj", "{CF685CEC-1F68-4ED2-87EC-EF5AC40904A4}"
EndProject
Project("{F2A71F9B-5D33-465A-A702-920D77279786}") = "Task5", "Task5\Task5.fsproj", "{55CB7107-999F-4EC7-91BC-76A081ECB357}"
EndProject
Project("{F2A71F9B-5D33-465A-A702-920D77279786}") = "Task6", "Task6\Task6.fsproj", "{E7B7D9F8-A6E0-44D7-A6B1-D42A515F894A}"
EndProject
Project("{F2A71F9B-5D33-465A-A702-920D77279786}") = "Task7", "Task7\Task7.fsproj", "{BA52F0BB-EA3F-46E6-AD2B-77478ED1B068}"
EndProject
Project("{F2A71F9B-5D33-465A-A702-920D77279786}") = "Task8", "Task8\Task8.fsproj", "{2D969F57-152F-4F2E-83F7-814F1D71B8F2}"
EndProject
Project("{F2A71F9B-5D33-465A-A702-920D77279786}") = "Task10", "Task10\Task10.fsproj", "{75186FB2-CCBA-4408-BCDE-57F968DCDFC4}"
EndProject
Project("{F2A71F9B-5D33-465A-A702-920D77279786}") = "Task9", "Task9\Task9.fsproj", "{8C923326-0A45-48A9-9AE4-32188BF5C91D}"
EndProject
Global
	GlobalSection(SolutionConfigurationPlatforms) = preSolution
		Debug|Any CPU = Debug|Any CPU
		Release|Any CPU = Release|Any CPU
	EndGlobalSection
	GlobalSection(ProjectConfigurationPlatforms) = postSolution
		{B4E35A93-3DF8-48C5-9AA8-B37CDB8C5209}.Debug|Any CPU.ActiveCfg = Debug|Any CPU
		{B4E35A93-3DF8-48C5-9AA8-B37CDB8C5209}.Debug|Any CPU.Build.0 = Debug|Any CPU
		{B4E35A93-3DF8-48C5-9AA8-B37CDB8C5209}.Release|Any CPU.ActiveCfg = Release|Any CPU
		{B4E35A93-3DF8-48C5-9AA8-B37CDB8C5209}.Release|Any CPU.Build.0 = Release|Any CPU
		{B4119FFD-A8A5-4FCD-A3DF-60AC0806F7AE}.Debug|Any CPU.ActiveCfg = Debug|Any CPU
		{B4119FFD-A8A5-4FCD-A3DF-60AC0806F7AE}.Debug|Any CPU.Build.0 = Debug|Any CPU
		{B4119FFD-A8A5-4FCD-A3DF-60AC0806F7AE}.Release|Any CPU.ActiveCfg = Release|Any CPU
		{B4119FFD-A8A5-4FCD-A3DF-60AC0806F7AE}.Release|Any CPU.Build.0 = Release|Any CPU
		{D59AECDE-9E3E-4DEE-AE15-C82B25B473F7}.Debug|Any CPU.ActiveCfg = Debug|Any CPU
		{D59AECDE-9E3E-4DEE-AE15-C82B25B473F7}.Debug|Any CPU.Build.0 = Debug|Any CPU
		{D59AECDE-9E3E-4DEE-AE15-C82B25B473F7}.Release|Any CPU.ActiveCfg = Release|Any CPU
		{D59AECDE-9E3E-4DEE-AE15-C82B25B473F7}.Release|Any CPU.Build.0 = Release|Any CPU
		{BCA4D773-A451-4123-AC71-F156D1F41DC5}.Debug|Any CPU.ActiveCfg = Debug|Any CPU
		{BCA4D773-A451-4123-AC71-F156D1F41DC5}.Debug|Any CPU.Build.0 = Debug|Any CPU
		{BCA4D773-A451-4123-AC71-F156D1F41DC5}.Release|Any CPU.ActiveCfg = Release|Any CPU
		{BCA4D773-A451-4123-AC71-F156D1F41DC5}.Release|Any CPU.Build.0 = Release|Any CPU
		{CF685CEC-1F68-4ED2-87EC-EF5AC40904A4}.Debug|Any CPU.ActiveCfg = Debug|Any CPU
		{CF685CEC-1F68-4ED2-87EC-EF5AC40904A4}.Debug|Any CPU.Build.0 = Debug|Any CPU
		{CF685CEC-1F68-4ED2-87EC-EF5AC40904A4}.Release|Any CPU.ActiveCfg = Release|Any CPU
		{CF685CEC-1F68-4ED2-87EC-EF5AC40904A4}.Release|Any CPU.Build.0 = Release|Any CPU
		{55CB7107-999F-4EC7-91BC-76A081ECB357}.Debug|Any CPU.ActiveCfg = Debug|Any CPU
		{55CB7107-999F-4EC7-91BC-76A081ECB357}.Debug|Any CPU.Build.0 = Debug|Any CPU
		{55CB7107-999F-4EC7-91BC-76A081ECB357}.Release|Any CPU.ActiveCfg = Release|Any CPU
		{55CB7107-999F-4EC7-91BC-76A081ECB357}.Release|Any CPU.Build.0 = Release|Any CPU
		{E7B7D9F8-A6E0-44D7-A6B1-D42A515F894A}.Debug|Any CPU.ActiveCfg = Debug|Any CPU
		{E7B7D9F8-A6E0-44D7-A6B1-D42A515F894A}.Debug|Any CPU.Build.0 = Debug|Any CPU
		{E7B7D9F8-A6E0-44D7-A6B1-D42A515F894A}.Release|Any CPU.ActiveCfg = Release|Any CPU
		{E7B7D9F8-A6E0-44D7-A6B1-D42A515F894A}.Release|Any CPU.Build.0 = Release|Any CPU
		{BA52F0BB-EA3F-46E6-AD2B-77478ED1B068}.Debug|Any CPU.ActiveCfg = Debug|Any CPU
		{BA52F0BB-EA3F-46E6-AD2B-77478ED1B068}.Debug|Any CPU.Build.0 = Debug|Any CPU
		{BA52F0BB-EA3F-46E6-AD2B-77478ED1B068}.Release|Any CPU.ActiveCfg = Release|Any CPU
		{BA52F0BB-EA3F-46E6-AD2B-77478ED1B068}.Release|Any CPU.Build.0 = Release|Any CPU
		{2D969F57-152F-4F2E-83F7-814F1D71B8F2}.Debug|Any CPU.ActiveCfg = Debug|Any CPU
		{2D969F57-152F-4F2E-83F7-814F1D71B8F2}.Debug|Any CPU.Build.0 = Debug|Any CPU
		{2D969F57-152F-4F2E-83F7-814F1D71B8F2}.Release|Any CPU.ActiveCfg = Release|Any CPU
		{2D969F57-152F-4F2E-83F7-814F1D71B8F2}.Release|Any CPU.Build.0 = Release|Any CPU
		{75186FB2-CCBA-4408-BCDE-57F968DCDFC4}.Debug|Any CPU.ActiveCfg = Debug|Any CPU
		{75186FB2-CCBA-4408-BCDE-57F968DCDFC4}.Debug|Any CPU.Build.0 = Debug|Any CPU
		{75186FB2-CCBA-4408-BCDE-57F968DCDFC4}.Release|Any CPU.ActiveCfg = Release|Any CPU
		{75186FB2-CCBA-4408-BCDE-57F968DCDFC4}.Release|Any CPU.Build.0 = Release|Any CPU
		{8C923326-0A45-48A9-9AE4-32188BF5C91D}.Debug|Any CPU.ActiveCfg = Debug|Any CPU
		{8C923326-0A45-48A9-9AE4-32188BF5C91D}.Debug|Any CPU.Build.0 = Debug|Any CPU
		{8C923326-0A45-48A9-9AE4-32188BF5C91D}.Release|Any CPU.ActiveCfg = Release|Any CPU
		{8C923326-0A45-48A9-9AE4-32188BF5C91D}.Release|Any CPU.Build.0 = Release|Any CPU
	EndGlobalSection
EndGlobal
